
Microsoft Visual Studio Solution File, Format Version 12.00
# Visual Studio Version 16
VisualStudioVersion = 16.0.30128.74
MinimumVisualStudioVersion = 10.0.40219.1
Project("{2150E333-8FDC-42A3-9474-1A3956D46DE8}") = "01. Clients", "01. Clients", "{5DF77775-51BB-4683-AD6A-FE6C2756052A}"
EndProject
Project("{2150E333-8FDC-42A3-9474-1A3956D46DE8}") = "02. Api.Getaway", "02. Api.Getaway", "{336591C2-B966-4B17-951E-FAEBEF152478}"
EndProject
Project("{2150E333-8FDC-42A3-9474-1A3956D46DE8}") = "03. Services", "03. Services", "{162A78AC-34D6-41D5-8BD2-F30F322438D3}"
EndProject
Project("{2150E333-8FDC-42A3-9474-1A3956D46DE8}") = "01. Identity", "01. Identity", "{0F20026B-7CA8-4A12-ACDA-7FD05487D5F4}"
EndProject
Project("{2150E333-8FDC-42A3-9474-1A3956D46DE8}") = "02. Catalog", "02. Catalog", "{BCE737CB-7ED3-44D5-B3B9-AFE0599B90B7}"
EndProject
Project("{2150E333-8FDC-42A3-9474-1A3956D46DE8}") = "03. Custormer", "03. Custormer", "{B5F0BE26-07C4-41BD-8C5F-7CBDE0D3F24C}"
EndProject
Project("{2150E333-8FDC-42A3-9474-1A3956D46DE8}") = "04. Order", "04. Order", "{ACAE0255-439B-49DF-8EDF-DA4A2D35634F}"
EndProject
Project("{FAE04EC0-301F-11D3-BF4B-00C04F79EFBC}") = "Catalog.Api", "src\Services\Catalog\Catalog.Api\Catalog.Api.csproj", "{EFDDA9B9-AFC4-489A-BF7E-941D57454679}"
EndProject
Project("{2150E333-8FDC-42A3-9474-1A3956D46DE8}") = "01. API", "01. API", "{BCF0B0AD-EB2A-498C-9BCD-D41296C34F13}"
EndProject
Project("{2150E333-8FDC-42A3-9474-1A3956D46DE8}") = "02. Services", "02. Services", "{F7A7CFE2-AFA8-4D7C-8123-7CD1878B36CD}"
EndProject
Project("{2150E333-8FDC-42A3-9474-1A3956D46DE8}") = "03. Persistence", "03. Persistence", "{B4E3F89F-F2A6-4075-A9C5-5FC6924B3C0F}"
EndProject
Project("{2150E333-8FDC-42A3-9474-1A3956D46DE8}") = "04. Models", "04. Models", "{6683F762-5965-4016-8E9A-BD83277B2D5D}"
EndProject
Project("{FAE04EC0-301F-11D3-BF4B-00C04F79EFBC}") = "Catalog.Domain", "src\Services\Catalog\Catalog.Domain\Catalog.Domain.csproj", "{943E6A68-C9C5-4222-80F7-184AC5AD755B}"
EndProject
Project("{FAE04EC0-301F-11D3-BF4B-00C04F79EFBC}") = "Catalog.Persistence.Database", "src\Services\Catalog\Catalog.Persistence.Database\Catalog.Persistence.Database.csproj", "{4B493D73-0D05-4873-9D67-874690CDC711}"
EndProject
Global
	GlobalSection(SolutionConfigurationPlatforms) = preSolution
		Debug|Any CPU = Debug|Any CPU
		Release|Any CPU = Release|Any CPU
	EndGlobalSection
	GlobalSection(ProjectConfigurationPlatforms) = postSolution
		{EFDDA9B9-AFC4-489A-BF7E-941D57454679}.Debug|Any CPU.ActiveCfg = Debug|Any CPU
		{EFDDA9B9-AFC4-489A-BF7E-941D57454679}.Debug|Any CPU.Build.0 = Debug|Any CPU
		{EFDDA9B9-AFC4-489A-BF7E-941D57454679}.Release|Any CPU.ActiveCfg = Release|Any CPU
		{EFDDA9B9-AFC4-489A-BF7E-941D57454679}.Release|Any CPU.Build.0 = Release|Any CPU
		{943E6A68-C9C5-4222-80F7-184AC5AD755B}.Debug|Any CPU.ActiveCfg = Debug|Any CPU
		{943E6A68-C9C5-4222-80F7-184AC5AD755B}.Debug|Any CPU.Build.0 = Debug|Any CPU
		{943E6A68-C9C5-4222-80F7-184AC5AD755B}.Release|Any CPU.ActiveCfg = Release|Any CPU
		{943E6A68-C9C5-4222-80F7-184AC5AD755B}.Release|Any CPU.Build.0 = Release|Any CPU
		{4B493D73-0D05-4873-9D67-874690CDC711}.Debug|Any CPU.ActiveCfg = Debug|Any CPU
		{4B493D73-0D05-4873-9D67-874690CDC711}.Debug|Any CPU.Build.0 = Debug|Any CPU
		{4B493D73-0D05-4873-9D67-874690CDC711}.Release|Any CPU.ActiveCfg = Release|Any CPU
		{4B493D73-0D05-4873-9D67-874690CDC711}.Release|Any CPU.Build.0 = Release|Any CPU
	EndGlobalSection
	GlobalSection(SolutionProperties) = preSolution
		HideSolutionNode = FALSE
	EndGlobalSection
	GlobalSection(NestedProjects) = preSolution
		{0F20026B-7CA8-4A12-ACDA-7FD05487D5F4} = {162A78AC-34D6-41D5-8BD2-F30F322438D3}
		{BCE737CB-7ED3-44D5-B3B9-AFE0599B90B7} = {162A78AC-34D6-41D5-8BD2-F30F322438D3}
		{B5F0BE26-07C4-41BD-8C5F-7CBDE0D3F24C} = {162A78AC-34D6-41D5-8BD2-F30F322438D3}
		{ACAE0255-439B-49DF-8EDF-DA4A2D35634F} = {162A78AC-34D6-41D5-8BD2-F30F322438D3}
		{EFDDA9B9-AFC4-489A-BF7E-941D57454679} = {BCF0B0AD-EB2A-498C-9BCD-D41296C34F13}
		{BCF0B0AD-EB2A-498C-9BCD-D41296C34F13} = {BCE737CB-7ED3-44D5-B3B9-AFE0599B90B7}
		{F7A7CFE2-AFA8-4D7C-8123-7CD1878B36CD} = {BCE737CB-7ED3-44D5-B3B9-AFE0599B90B7}
		{B4E3F89F-F2A6-4075-A9C5-5FC6924B3C0F} = {BCE737CB-7ED3-44D5-B3B9-AFE0599B90B7}
		{6683F762-5965-4016-8E9A-BD83277B2D5D} = {BCE737CB-7ED3-44D5-B3B9-AFE0599B90B7}
		{943E6A68-C9C5-4222-80F7-184AC5AD755B} = {6683F762-5965-4016-8E9A-BD83277B2D5D}
		{4B493D73-0D05-4873-9D67-874690CDC711} = {B4E3F89F-F2A6-4075-A9C5-5FC6924B3C0F}
	EndGlobalSection
	GlobalSection(ExtensibilityGlobals) = postSolution
		SolutionGuid = {F4487F2A-7B42-4A26-B81E-A94716E9D76F}
	EndGlobalSection
EndGlobal
