
Microsoft Visual Studio Solution File, Format Version 12.00
# Visual Studio Version 16
VisualStudioVersion = 16.0.30128.74
MinimumVisualStudioVersion = 10.0.40219.1
Project("{2150E333-8FDC-42A3-9474-1A3956D46DE8}") = "01. Clients", "01. Clients", "{5DF77775-51BB-4683-AD6A-FE6C2756052A}"
EndProject
Project("{2150E333-8FDC-42A3-9474-1A3956D46DE8}") = "02. Api.Getaway", "02. Api.Getaway", "{336591C2-B966-4B17-951E-FAEBEF152478}"
EndProject
Project("{2150E333-8FDC-42A3-9474-1A3956D46DE8}") = "03. Services", "03. Services", "{162A78AC-34D6-41D5-8BD2-F30F322438D3}"
EndProject
Project("{2150E333-8FDC-42A3-9474-1A3956D46DE8}") = "01. Identity", "01. Identity", "{0F20026B-7CA8-4A12-ACDA-7FD05487D5F4}"
EndProject
Project("{2150E333-8FDC-42A3-9474-1A3956D46DE8}") = "02. Catalog", "02. Catalog", "{BCE737CB-7ED3-44D5-B3B9-AFE0599B90B7}"
EndProject
Project("{2150E333-8FDC-42A3-9474-1A3956D46DE8}") = "03. Custormer", "03. Custormer", "{B5F0BE26-07C4-41BD-8C5F-7CBDE0D3F24C}"
EndProject
Project("{2150E333-8FDC-42A3-9474-1A3956D46DE8}") = "04. Order", "04. Order", "{ACAE0255-439B-49DF-8EDF-DA4A2D35634F}"
EndProject
Project("{9A19103F-16F7-4668-BE54-9A1E7A4F7556}") = "Catalog.Api", "src\Services\Catalog\Catalog.Api\Catalog.Api.csproj", "{EFDDA9B9-AFC4-489A-BF7E-941D57454679}"
EndProject
Project("{2150E333-8FDC-42A3-9474-1A3956D46DE8}") = "01. API", "01. API", "{BCF0B0AD-EB2A-498C-9BCD-D41296C34F13}"
EndProject
Project("{2150E333-8FDC-42A3-9474-1A3956D46DE8}") = "02. Services", "02. Services", "{F7A7CFE2-AFA8-4D7C-8123-7CD1878B36CD}"
EndProject
Project("{2150E333-8FDC-42A3-9474-1A3956D46DE8}") = "03. Persistence", "03. Persistence", "{B4E3F89F-F2A6-4075-A9C5-5FC6924B3C0F}"
EndProject
Project("{2150E333-8FDC-42A3-9474-1A3956D46DE8}") = "04. Models", "04. Models", "{6683F762-5965-4016-8E9A-BD83277B2D5D}"
EndProject
Project("{9A19103F-16F7-4668-BE54-9A1E7A4F7556}") = "Catalog.Domain", "src\Services\Catalog\Catalog.Domain\Catalog.Domain.csproj", "{943E6A68-C9C5-4222-80F7-184AC5AD755B}"
EndProject
Project("{9A19103F-16F7-4668-BE54-9A1E7A4F7556}") = "Catalog.Persistence.Database", "src\Services\Catalog\Catalog.Persistence.Database\Catalog.Persistence.Database.csproj", "{4B493D73-0D05-4873-9D67-874690CDC711}"
EndProject
Project("{9A19103F-16F7-4668-BE54-9A1E7A4F7556}") = "Catalog.Service.Queries", "src\Services\Catalog\Catalog.Service.Queries\Catalog.Service.Queries.csproj", "{E8EF6516-C0AE-4A8C-AF62-19A25202AEF0}"
EndProject
Project("{2150E333-8FDC-42A3-9474-1A3956D46DE8}") = "Common", "Common", "{0A708651-3CF4-4AB1-9C06-F7792FC58FDF}"
EndProject
Project("{9A19103F-16F7-4668-BE54-9A1E7A4F7556}") = "Service.Common.Paging", "src\Services\Service.Common.Paging\Service.Common.Paging.csproj", "{6337BBEF-2DB6-44AA-A79F-2D69AD8885D5}"
EndProject
Project("{9A19103F-16F7-4668-BE54-9A1E7A4F7556}") = "Service.Common.Mapping", "src\Services\Service.Common.Mapping\Service.Common.Mapping.csproj", "{A20B1E5B-E516-4580-8F8D-BB610813B82F}"
EndProject
Project("{9A19103F-16F7-4668-BE54-9A1E7A4F7556}") = "Service.Common.Collection", "src\Services\Service.Common.Collection\Service.Common.Collection.csproj", "{1ED3C6A8-5E95-40E3-AD4A-ED4DB9F9C5D6}"
EndProject
Project("{9A19103F-16F7-4668-BE54-9A1E7A4F7556}") = "Service.Common.Authentication", "src\Services\Service.Common.Authentication\Service.Common.Authentication.csproj", "{00A45B9A-9429-4A20-840F-68086893428A}"
EndProject
Project("{9A19103F-16F7-4668-BE54-9A1E7A4F7556}") = "Catalog.Service.EventHandlers", "src\Services\Catalog\Catalog.Service.EventHandlers\Catalog.Service.EventHandlers.csproj", "{1A7BCBB6-67F7-4F05-82FE-1EFDFDEF4965}"
EndProject
Project("{9A19103F-16F7-4668-BE54-9A1E7A4F7556}") = "Catalog.Common", "src\Services\Catalog\Catalog.Common\Catalog.Common.csproj", "{871E32ED-288D-47E6-BEB7-ECC53FD04DE5}"
EndProject
Project("{2150E333-8FDC-42A3-9474-1A3956D46DE8}") = "04. Common", "04. Common", "{15C0E6E2-299E-4595-AFC0-7ED2E0A3F9C4}"
EndProject
Project("{9A19103F-16F7-4668-BE54-9A1E7A4F7556}") = "Common.Logging", "src\Common\Common.Logging\Common.Logging.csproj", "{DE0BA3DB-15DC-4343-9FD4-3085D30A5F92}"
EndProject
Global
	GlobalSection(SolutionConfigurationPlatforms) = preSolution
		Debug|Any CPU = Debug|Any CPU
		Release|Any CPU = Release|Any CPU
	EndGlobalSection
	GlobalSection(ProjectConfigurationPlatforms) = postSolution
		{EFDDA9B9-AFC4-489A-BF7E-941D57454679}.Debug|Any CPU.ActiveCfg = Debug|Any CPU
		{EFDDA9B9-AFC4-489A-BF7E-941D57454679}.Debug|Any CPU.Build.0 = Debug|Any CPU
		{EFDDA9B9-AFC4-489A-BF7E-941D57454679}.Release|Any CPU.ActiveCfg = Release|Any CPU
		{EFDDA9B9-AFC4-489A-BF7E-941D57454679}.Release|Any CPU.Build.0 = Release|Any CPU
		{943E6A68-C9C5-4222-80F7-184AC5AD755B}.Debug|Any CPU.ActiveCfg = Debug|Any CPU
		{943E6A68-C9C5-4222-80F7-184AC5AD755B}.Debug|Any CPU.Build.0 = Debug|Any CPU
		{943E6A68-C9C5-4222-80F7-184AC5AD755B}.Release|Any CPU.ActiveCfg = Release|Any CPU
		{943E6A68-C9C5-4222-80F7-184AC5AD755B}.Release|Any CPU.Build.0 = Release|Any CPU
		{4B493D73-0D05-4873-9D67-874690CDC711}.Debug|Any CPU.ActiveCfg = Debug|Any CPU
		{4B493D73-0D05-4873-9D67-874690CDC711}.Debug|Any CPU.Build.0 = Debug|Any CPU
		{4B493D73-0D05-4873-9D67-874690CDC711}.Release|Any CPU.ActiveCfg = Release|Any CPU
		{4B493D73-0D05-4873-9D67-874690CDC711}.Release|Any CPU.Build.0 = Release|Any CPU
		{E8EF6516-C0AE-4A8C-AF62-19A25202AEF0}.Debug|Any CPU.ActiveCfg = Debug|Any CPU
		{E8EF6516-C0AE-4A8C-AF62-19A25202AEF0}.Debug|Any CPU.Build.0 = Debug|Any CPU
		{E8EF6516-C0AE-4A8C-AF62-19A25202AEF0}.Release|Any CPU.ActiveCfg = Release|Any CPU
		{E8EF6516-C0AE-4A8C-AF62-19A25202AEF0}.Release|Any CPU.Build.0 = Release|Any CPU
		{6337BBEF-2DB6-44AA-A79F-2D69AD8885D5}.Debug|Any CPU.ActiveCfg = Debug|Any CPU
		{6337BBEF-2DB6-44AA-A79F-2D69AD8885D5}.Debug|Any CPU.Build.0 = Debug|Any CPU
		{6337BBEF-2DB6-44AA-A79F-2D69AD8885D5}.Release|Any CPU.ActiveCfg = Release|Any CPU
		{6337BBEF-2DB6-44AA-A79F-2D69AD8885D5}.Release|Any CPU.Build.0 = Release|Any CPU
		{A20B1E5B-E516-4580-8F8D-BB610813B82F}.Debug|Any CPU.ActiveCfg = Debug|Any CPU
		{A20B1E5B-E516-4580-8F8D-BB610813B82F}.Debug|Any CPU.Build.0 = Debug|Any CPU
		{A20B1E5B-E516-4580-8F8D-BB610813B82F}.Release|Any CPU.ActiveCfg = Release|Any CPU
		{A20B1E5B-E516-4580-8F8D-BB610813B82F}.Release|Any CPU.Build.0 = Release|Any CPU
		{1ED3C6A8-5E95-40E3-AD4A-ED4DB9F9C5D6}.Debug|Any CPU.ActiveCfg = Debug|Any CPU
		{1ED3C6A8-5E95-40E3-AD4A-ED4DB9F9C5D6}.Debug|Any CPU.Build.0 = Debug|Any CPU
		{1ED3C6A8-5E95-40E3-AD4A-ED4DB9F9C5D6}.Release|Any CPU.ActiveCfg = Release|Any CPU
		{1ED3C6A8-5E95-40E3-AD4A-ED4DB9F9C5D6}.Release|Any CPU.Build.0 = Release|Any CPU
		{00A45B9A-9429-4A20-840F-68086893428A}.Debug|Any CPU.ActiveCfg = Debug|Any CPU
		{00A45B9A-9429-4A20-840F-68086893428A}.Debug|Any CPU.Build.0 = Debug|Any CPU
		{00A45B9A-9429-4A20-840F-68086893428A}.Release|Any CPU.ActiveCfg = Release|Any CPU
		{00A45B9A-9429-4A20-840F-68086893428A}.Release|Any CPU.Build.0 = Release|Any CPU
		{1A7BCBB6-67F7-4F05-82FE-1EFDFDEF4965}.Debug|Any CPU.ActiveCfg = Debug|Any CPU
		{1A7BCBB6-67F7-4F05-82FE-1EFDFDEF4965}.Debug|Any CPU.Build.0 = Debug|Any CPU
		{1A7BCBB6-67F7-4F05-82FE-1EFDFDEF4965}.Release|Any CPU.ActiveCfg = Release|Any CPU
		{1A7BCBB6-67F7-4F05-82FE-1EFDFDEF4965}.Release|Any CPU.Build.0 = Release|Any CPU
		{871E32ED-288D-47E6-BEB7-ECC53FD04DE5}.Debug|Any CPU.ActiveCfg = Debug|Any CPU
		{871E32ED-288D-47E6-BEB7-ECC53FD04DE5}.Debug|Any CPU.Build.0 = Debug|Any CPU
		{871E32ED-288D-47E6-BEB7-ECC53FD04DE5}.Release|Any CPU.ActiveCfg = Release|Any CPU
		{871E32ED-288D-47E6-BEB7-ECC53FD04DE5}.Release|Any CPU.Build.0 = Release|Any CPU
		{DE0BA3DB-15DC-4343-9FD4-3085D30A5F92}.Debug|Any CPU.ActiveCfg = Debug|Any CPU
		{DE0BA3DB-15DC-4343-9FD4-3085D30A5F92}.Debug|Any CPU.Build.0 = Debug|Any CPU
		{DE0BA3DB-15DC-4343-9FD4-3085D30A5F92}.Release|Any CPU.ActiveCfg = Release|Any CPU
		{DE0BA3DB-15DC-4343-9FD4-3085D30A5F92}.Release|Any CPU.Build.0 = Release|Any CPU
	EndGlobalSection
	GlobalSection(SolutionProperties) = preSolution
		HideSolutionNode = FALSE
	EndGlobalSection
	GlobalSection(NestedProjects) = preSolution
		{0F20026B-7CA8-4A12-ACDA-7FD05487D5F4} = {162A78AC-34D6-41D5-8BD2-F30F322438D3}
		{BCE737CB-7ED3-44D5-B3B9-AFE0599B90B7} = {162A78AC-34D6-41D5-8BD2-F30F322438D3}
		{B5F0BE26-07C4-41BD-8C5F-7CBDE0D3F24C} = {162A78AC-34D6-41D5-8BD2-F30F322438D3}
		{ACAE0255-439B-49DF-8EDF-DA4A2D35634F} = {162A78AC-34D6-41D5-8BD2-F30F322438D3}
		{EFDDA9B9-AFC4-489A-BF7E-941D57454679} = {BCF0B0AD-EB2A-498C-9BCD-D41296C34F13}
		{BCF0B0AD-EB2A-498C-9BCD-D41296C34F13} = {BCE737CB-7ED3-44D5-B3B9-AFE0599B90B7}
		{F7A7CFE2-AFA8-4D7C-8123-7CD1878B36CD} = {BCE737CB-7ED3-44D5-B3B9-AFE0599B90B7}
		{B4E3F89F-F2A6-4075-A9C5-5FC6924B3C0F} = {BCE737CB-7ED3-44D5-B3B9-AFE0599B90B7}
		{6683F762-5965-4016-8E9A-BD83277B2D5D} = {BCE737CB-7ED3-44D5-B3B9-AFE0599B90B7}
		{943E6A68-C9C5-4222-80F7-184AC5AD755B} = {6683F762-5965-4016-8E9A-BD83277B2D5D}
		{4B493D73-0D05-4873-9D67-874690CDC711} = {B4E3F89F-F2A6-4075-A9C5-5FC6924B3C0F}
		{E8EF6516-C0AE-4A8C-AF62-19A25202AEF0} = {F7A7CFE2-AFA8-4D7C-8123-7CD1878B36CD}
		{0A708651-3CF4-4AB1-9C06-F7792FC58FDF} = {BCF0B0AD-EB2A-498C-9BCD-D41296C34F13}
		{6337BBEF-2DB6-44AA-A79F-2D69AD8885D5} = {0A708651-3CF4-4AB1-9C06-F7792FC58FDF}
		{A20B1E5B-E516-4580-8F8D-BB610813B82F} = {0A708651-3CF4-4AB1-9C06-F7792FC58FDF}
		{1ED3C6A8-5E95-40E3-AD4A-ED4DB9F9C5D6} = {0A708651-3CF4-4AB1-9C06-F7792FC58FDF}
		{00A45B9A-9429-4A20-840F-68086893428A} = {0A708651-3CF4-4AB1-9C06-F7792FC58FDF}
		{1A7BCBB6-67F7-4F05-82FE-1EFDFDEF4965} = {F7A7CFE2-AFA8-4D7C-8123-7CD1878B36CD}
		{871E32ED-288D-47E6-BEB7-ECC53FD04DE5} = {F7A7CFE2-AFA8-4D7C-8123-7CD1878B36CD}
		{DE0BA3DB-15DC-4343-9FD4-3085D30A5F92} = {15C0E6E2-299E-4595-AFC0-7ED2E0A3F9C4}
	EndGlobalSection
	GlobalSection(ExtensibilityGlobals) = postSolution
		SolutionGuid = {F4487F2A-7B42-4A26-B81E-A94716E9D76F}
	EndGlobalSection
EndGlobal
