
Microsoft Visual Studio Solution File, Format Version 12.00
# Visual Studio Version 16
VisualStudioVersion = 16.0.30128.74
MinimumVisualStudioVersion = 10.0.40219.1
Project("{2150E333-8FDC-42A3-9474-1A3956D46DE8}") = "01. Clients", "01. Clients", "{5DF77775-51BB-4683-AD6A-FE6C2756052A}"
EndProject
Project("{2150E333-8FDC-42A3-9474-1A3956D46DE8}") = "02. Api.Getaway", "02. Api.Getaway", "{336591C2-B966-4B17-951E-FAEBEF152478}"
EndProject
Project("{2150E333-8FDC-42A3-9474-1A3956D46DE8}") = "03. Services", "03. Services", "{162A78AC-34D6-41D5-8BD2-F30F322438D3}"
EndProject
Project("{2150E333-8FDC-42A3-9474-1A3956D46DE8}") = "01. Identity", "01. Identity", "{0F20026B-7CA8-4A12-ACDA-7FD05487D5F4}"
EndProject
Project("{2150E333-8FDC-42A3-9474-1A3956D46DE8}") = "02. Catalog", "02. Catalog", "{BCE737CB-7ED3-44D5-B3B9-AFE0599B90B7}"
EndProject
Project("{2150E333-8FDC-42A3-9474-1A3956D46DE8}") = "03. Custormer", "03. Custormer", "{B5F0BE26-07C4-41BD-8C5F-7CBDE0D3F24C}"
EndProject
Project("{2150E333-8FDC-42A3-9474-1A3956D46DE8}") = "04. Order", "04. Order", "{ACAE0255-439B-49DF-8EDF-DA4A2D35634F}"
EndProject
Project("{9A19103F-16F7-4668-BE54-9A1E7A4F7556}") = "Catalog.Api", "src\Services\Catalog\Catalog.Api\Catalog.Api.csproj", "{EFDDA9B9-AFC4-489A-BF7E-941D57454679}"
EndProject
Project("{2150E333-8FDC-42A3-9474-1A3956D46DE8}") = "01. API", "01. API", "{BCF0B0AD-EB2A-498C-9BCD-D41296C34F13}"
EndProject
Project("{2150E333-8FDC-42A3-9474-1A3956D46DE8}") = "02. Services", "02. Services", "{F7A7CFE2-AFA8-4D7C-8123-7CD1878B36CD}"
EndProject
Project("{2150E333-8FDC-42A3-9474-1A3956D46DE8}") = "03. Persistence", "03. Persistence", "{B4E3F89F-F2A6-4075-A9C5-5FC6924B3C0F}"
EndProject
Project("{2150E333-8FDC-42A3-9474-1A3956D46DE8}") = "04. Models", "04. Models", "{6683F762-5965-4016-8E9A-BD83277B2D5D}"
EndProject
Project("{9A19103F-16F7-4668-BE54-9A1E7A4F7556}") = "Catalog.Domain", "src\Services\Catalog\Catalog.Domain\Catalog.Domain.csproj", "{943E6A68-C9C5-4222-80F7-184AC5AD755B}"
EndProject
Project("{9A19103F-16F7-4668-BE54-9A1E7A4F7556}") = "Catalog.Persistence.Database", "src\Services\Catalog\Catalog.Persistence.Database\Catalog.Persistence.Database.csproj", "{4B493D73-0D05-4873-9D67-874690CDC711}"
EndProject
Project("{9A19103F-16F7-4668-BE54-9A1E7A4F7556}") = "Catalog.Service.Queries", "src\Services\Catalog\Catalog.Service.Queries\Catalog.Service.Queries.csproj", "{E8EF6516-C0AE-4A8C-AF62-19A25202AEF0}"
EndProject
Project("{2150E333-8FDC-42A3-9474-1A3956D46DE8}") = "Common", "Common", "{0A708651-3CF4-4AB1-9C06-F7792FC58FDF}"
EndProject
Project("{9A19103F-16F7-4668-BE54-9A1E7A4F7556}") = "Service.Common.Paging", "src\Services\Service.Common.Paging\Service.Common.Paging.csproj", "{6337BBEF-2DB6-44AA-A79F-2D69AD8885D5}"
EndProject
Project("{9A19103F-16F7-4668-BE54-9A1E7A4F7556}") = "Service.Common.Mapping", "src\Services\Service.Common.Mapping\Service.Common.Mapping.csproj", "{A20B1E5B-E516-4580-8F8D-BB610813B82F}"
EndProject
Project("{9A19103F-16F7-4668-BE54-9A1E7A4F7556}") = "Service.Common.Collection", "src\Services\Service.Common.Collection\Service.Common.Collection.csproj", "{1ED3C6A8-5E95-40E3-AD4A-ED4DB9F9C5D6}"
EndProject
Project("{9A19103F-16F7-4668-BE54-9A1E7A4F7556}") = "Service.Common.Authentication", "src\Services\Service.Common.Authentication\Service.Common.Authentication.csproj", "{00A45B9A-9429-4A20-840F-68086893428A}"
EndProject
Project("{9A19103F-16F7-4668-BE54-9A1E7A4F7556}") = "Catalog.Service.EventHandlers", "src\Services\Catalog\Catalog.Service.EventHandlers\Catalog.Service.EventHandlers.csproj", "{1A7BCBB6-67F7-4F05-82FE-1EFDFDEF4965}"
EndProject
Project("{9A19103F-16F7-4668-BE54-9A1E7A4F7556}") = "Catalog.Common", "src\Services\Catalog\Catalog.Common\Catalog.Common.csproj", "{871E32ED-288D-47E6-BEB7-ECC53FD04DE5}"
EndProject
Project("{2150E333-8FDC-42A3-9474-1A3956D46DE8}") = "04. Common", "04. Common", "{15C0E6E2-299E-4595-AFC0-7ED2E0A3F9C4}"
EndProject
Project("{9A19103F-16F7-4668-BE54-9A1E7A4F7556}") = "Common.Logging", "src\Common\Common.Logging\Common.Logging.csproj", "{DE0BA3DB-15DC-4343-9FD4-3085D30A5F92}"
EndProject
Project("{2150E333-8FDC-42A3-9474-1A3956D46DE8}") = "01. API", "01. API", "{8F81EDE3-B7F9-45A9-A068-B4DC752E68C2}"
EndProject
Project("{2150E333-8FDC-42A3-9474-1A3956D46DE8}") = "02. Services", "02. Services", "{974FAF58-FAE2-4313-9C3A-247FABCDC3D1}"
EndProject
Project("{2150E333-8FDC-42A3-9474-1A3956D46DE8}") = "03. Persistence", "03. Persistence", "{A3722CA8-69B7-4192-AAB2-933F3FC4BAF4}"
EndProject
Project("{2150E333-8FDC-42A3-9474-1A3956D46DE8}") = "04. Models", "04. Models", "{648D615D-78B4-4C07-B967-A6D2031090C7}"
EndProject
Project("{9A19103F-16F7-4668-BE54-9A1E7A4F7556}") = "Customer.Domain", "src\Services\Customer\Customer.Domain\Customer.Domain.csproj", "{9BA0A7C1-B1A2-40A4-B564-B48DB94BDE47}"
EndProject
Project("{9A19103F-16F7-4668-BE54-9A1E7A4F7556}") = "Customer.Persistence.Database", "src\Services\Customer\Customer.Persistence.Database\Customer.Persistence.Database.csproj", "{D5B6DDBE-A060-4A9F-8C13-98C0208BD9E9}"
EndProject
Project("{9A19103F-16F7-4668-BE54-9A1E7A4F7556}") = "Customer.Api", "src\Services\Customer\Customer.Api\Customer.Api.csproj", "{CABB3CE4-8F46-4F67-9AD7-88F8350F5BA8}"
EndProject
Project("{FAE04EC0-301F-11D3-BF4B-00C04F79EFBC}") = "Customer.Service.Queries", "src\Services\Customer\Customer.Service.Queries\Customer.Service.Queries.csproj", "{32FE886F-57F7-4545-9DE2-43967B643407}"
EndProject
Project("{FAE04EC0-301F-11D3-BF4B-00C04F79EFBC}") = "Customer.Service.EventHandlers", "src\Services\Customer\Customer.Service.EventHandlers\Customer.Service.EventHandlers.csproj", "{CB1333E1-F417-48CB-AF3F-CAA5A48F76F3}"
EndProject
Project("{2150E333-8FDC-42A3-9474-1A3956D46DE8}") = "01. API", "01. API", "{43D95E8E-3A6C-4701-AAF9-5327535557E4}"
EndProject
Project("{2150E333-8FDC-42A3-9474-1A3956D46DE8}") = "02. Services", "02. Services", "{ADD9B7D5-114C-48CE-9117-7CF816CC9B5A}"
EndProject
Project("{2150E333-8FDC-42A3-9474-1A3956D46DE8}") = "03. Persistence", "03. Persistence", "{7CA28D06-EC9F-41D6-838D-D31EDD204E3B}"
EndProject
Project("{2150E333-8FDC-42A3-9474-1A3956D46DE8}") = "04. Models", "04. Models", "{6EBB4798-4556-472D-AC34-409A235B5668}"
EndProject
Project("{2150E333-8FDC-42A3-9474-1A3956D46DE8}") = "05. Common", "05. Common", "{855A3A09-AA23-46AA-BE63-24A3ABC0B9FA}"
EndProject
Project("{FAE04EC0-301F-11D3-BF4B-00C04F79EFBC}") = "Order.Domain", "src\Services\Orders\Order.Domain\Order.Domain.csproj", "{2A7AA040-BA06-4E8C-B758-F6BA4D362B12}"
EndProject
Project("{9A19103F-16F7-4668-BE54-9A1E7A4F7556}") = "Order.Common", "src\Services\Orders\Order.Common\Order.Common.csproj", "{F0C30283-8E10-4AB9-9C2A-32F830C537C3}"
EndProject
Project("{FAE04EC0-301F-11D3-BF4B-00C04F79EFBC}") = "Order.Persistence.Database", "src\Services\Orders\Order.Persistence.Database\Order.Persistence.Database.csproj", "{20880A6A-2FC6-4541-828A-70841497A0DC}"
EndProject
Project("{FAE04EC0-301F-11D3-BF4B-00C04F79EFBC}") = "Order.Api", "src\Services\Orders\Order.Api\Order.Api.csproj", "{7C3D01A1-4643-4AF1-8B8C-F80930365379}"
EndProject
Project("{9A19103F-16F7-4668-BE54-9A1E7A4F7556}") = "Order.Service.Queries", "src\Services\Orders\Order.Service.Queries\Order.Service.Queries.csproj", "{E7351B10-238C-48BD-BDE9-B0169ACBE7FB}"
EndProject
Project("{9A19103F-16F7-4668-BE54-9A1E7A4F7556}") = "Order.Service.EventHandlers", "src\Services\Orders\Order.Service.EventHandlers\Order.Service.EventHandlers.csproj", "{B9B066FB-0340-4039-AA54-7493FBE58A35}"
EndProject
Project("{FAE04EC0-301F-11D3-BF4B-00C04F79EFBC}") = "Order.Service.Proxies", "src\Services\Orders\Order.Service.Proxies\Order.Service.Proxies.csproj", "{94A27458-3541-459B-9B27-E3F713AB48E7}"
EndProject
Global
	GlobalSection(SolutionConfigurationPlatforms) = preSolution
		Debug|Any CPU = Debug|Any CPU
		Release|Any CPU = Release|Any CPU
	EndGlobalSection
	GlobalSection(ProjectConfigurationPlatforms) = postSolution
		{EFDDA9B9-AFC4-489A-BF7E-941D57454679}.Debug|Any CPU.ActiveCfg = Debug|Any CPU
		{EFDDA9B9-AFC4-489A-BF7E-941D57454679}.Debug|Any CPU.Build.0 = Debug|Any CPU
		{EFDDA9B9-AFC4-489A-BF7E-941D57454679}.Release|Any CPU.ActiveCfg = Release|Any CPU
		{EFDDA9B9-AFC4-489A-BF7E-941D57454679}.Release|Any CPU.Build.0 = Release|Any CPU
		{943E6A68-C9C5-4222-80F7-184AC5AD755B}.Debug|Any CPU.ActiveCfg = Debug|Any CPU
		{943E6A68-C9C5-4222-80F7-184AC5AD755B}.Debug|Any CPU.Build.0 = Debug|Any CPU
		{943E6A68-C9C5-4222-80F7-184AC5AD755B}.Release|Any CPU.ActiveCfg = Release|Any CPU
		{943E6A68-C9C5-4222-80F7-184AC5AD755B}.Release|Any CPU.Build.0 = Release|Any CPU
		{4B493D73-0D05-4873-9D67-874690CDC711}.Debug|Any CPU.ActiveCfg = Debug|Any CPU
		{4B493D73-0D05-4873-9D67-874690CDC711}.Debug|Any CPU.Build.0 = Debug|Any CPU
		{4B493D73-0D05-4873-9D67-874690CDC711}.Release|Any CPU.ActiveCfg = Release|Any CPU
		{4B493D73-0D05-4873-9D67-874690CDC711}.Release|Any CPU.Build.0 = Release|Any CPU
		{E8EF6516-C0AE-4A8C-AF62-19A25202AEF0}.Debug|Any CPU.ActiveCfg = Debug|Any CPU
		{E8EF6516-C0AE-4A8C-AF62-19A25202AEF0}.Debug|Any CPU.Build.0 = Debug|Any CPU
		{E8EF6516-C0AE-4A8C-AF62-19A25202AEF0}.Release|Any CPU.ActiveCfg = Release|Any CPU
		{E8EF6516-C0AE-4A8C-AF62-19A25202AEF0}.Release|Any CPU.Build.0 = Release|Any CPU
		{6337BBEF-2DB6-44AA-A79F-2D69AD8885D5}.Debug|Any CPU.ActiveCfg = Debug|Any CPU
		{6337BBEF-2DB6-44AA-A79F-2D69AD8885D5}.Debug|Any CPU.Build.0 = Debug|Any CPU
		{6337BBEF-2DB6-44AA-A79F-2D69AD8885D5}.Release|Any CPU.ActiveCfg = Release|Any CPU
		{6337BBEF-2DB6-44AA-A79F-2D69AD8885D5}.Release|Any CPU.Build.0 = Release|Any CPU
		{A20B1E5B-E516-4580-8F8D-BB610813B82F}.Debug|Any CPU.ActiveCfg = Debug|Any CPU
		{A20B1E5B-E516-4580-8F8D-BB610813B82F}.Debug|Any CPU.Build.0 = Debug|Any CPU
		{A20B1E5B-E516-4580-8F8D-BB610813B82F}.Release|Any CPU.ActiveCfg = Release|Any CPU
		{A20B1E5B-E516-4580-8F8D-BB610813B82F}.Release|Any CPU.Build.0 = Release|Any CPU
		{1ED3C6A8-5E95-40E3-AD4A-ED4DB9F9C5D6}.Debug|Any CPU.ActiveCfg = Debug|Any CPU
		{1ED3C6A8-5E95-40E3-AD4A-ED4DB9F9C5D6}.Debug|Any CPU.Build.0 = Debug|Any CPU
		{1ED3C6A8-5E95-40E3-AD4A-ED4DB9F9C5D6}.Release|Any CPU.ActiveCfg = Release|Any CPU
		{1ED3C6A8-5E95-40E3-AD4A-ED4DB9F9C5D6}.Release|Any CPU.Build.0 = Release|Any CPU
		{00A45B9A-9429-4A20-840F-68086893428A}.Debug|Any CPU.ActiveCfg = Debug|Any CPU
		{00A45B9A-9429-4A20-840F-68086893428A}.Debug|Any CPU.Build.0 = Debug|Any CPU
		{00A45B9A-9429-4A20-840F-68086893428A}.Release|Any CPU.ActiveCfg = Release|Any CPU
		{00A45B9A-9429-4A20-840F-68086893428A}.Release|Any CPU.Build.0 = Release|Any CPU
		{1A7BCBB6-67F7-4F05-82FE-1EFDFDEF4965}.Debug|Any CPU.ActiveCfg = Debug|Any CPU
		{1A7BCBB6-67F7-4F05-82FE-1EFDFDEF4965}.Debug|Any CPU.Build.0 = Debug|Any CPU
		{1A7BCBB6-67F7-4F05-82FE-1EFDFDEF4965}.Release|Any CPU.ActiveCfg = Release|Any CPU
		{1A7BCBB6-67F7-4F05-82FE-1EFDFDEF4965}.Release|Any CPU.Build.0 = Release|Any CPU
		{871E32ED-288D-47E6-BEB7-ECC53FD04DE5}.Debug|Any CPU.ActiveCfg = Debug|Any CPU
		{871E32ED-288D-47E6-BEB7-ECC53FD04DE5}.Debug|Any CPU.Build.0 = Debug|Any CPU
		{871E32ED-288D-47E6-BEB7-ECC53FD04DE5}.Release|Any CPU.ActiveCfg = Release|Any CPU
		{871E32ED-288D-47E6-BEB7-ECC53FD04DE5}.Release|Any CPU.Build.0 = Release|Any CPU
		{DE0BA3DB-15DC-4343-9FD4-3085D30A5F92}.Debug|Any CPU.ActiveCfg = Debug|Any CPU
		{DE0BA3DB-15DC-4343-9FD4-3085D30A5F92}.Debug|Any CPU.Build.0 = Debug|Any CPU
		{DE0BA3DB-15DC-4343-9FD4-3085D30A5F92}.Release|Any CPU.ActiveCfg = Release|Any CPU
		{DE0BA3DB-15DC-4343-9FD4-3085D30A5F92}.Release|Any CPU.Build.0 = Release|Any CPU
		{9BA0A7C1-B1A2-40A4-B564-B48DB94BDE47}.Debug|Any CPU.ActiveCfg = Debug|Any CPU
		{9BA0A7C1-B1A2-40A4-B564-B48DB94BDE47}.Debug|Any CPU.Build.0 = Debug|Any CPU
		{9BA0A7C1-B1A2-40A4-B564-B48DB94BDE47}.Release|Any CPU.ActiveCfg = Release|Any CPU
		{9BA0A7C1-B1A2-40A4-B564-B48DB94BDE47}.Release|Any CPU.Build.0 = Release|Any CPU
		{D5B6DDBE-A060-4A9F-8C13-98C0208BD9E9}.Debug|Any CPU.ActiveCfg = Debug|Any CPU
		{D5B6DDBE-A060-4A9F-8C13-98C0208BD9E9}.Debug|Any CPU.Build.0 = Debug|Any CPU
		{D5B6DDBE-A060-4A9F-8C13-98C0208BD9E9}.Release|Any CPU.ActiveCfg = Release|Any CPU
		{D5B6DDBE-A060-4A9F-8C13-98C0208BD9E9}.Release|Any CPU.Build.0 = Release|Any CPU
		{CABB3CE4-8F46-4F67-9AD7-88F8350F5BA8}.Debug|Any CPU.ActiveCfg = Debug|Any CPU
		{CABB3CE4-8F46-4F67-9AD7-88F8350F5BA8}.Debug|Any CPU.Build.0 = Debug|Any CPU
		{CABB3CE4-8F46-4F67-9AD7-88F8350F5BA8}.Release|Any CPU.ActiveCfg = Release|Any CPU
		{CABB3CE4-8F46-4F67-9AD7-88F8350F5BA8}.Release|Any CPU.Build.0 = Release|Any CPU
		{32FE886F-57F7-4545-9DE2-43967B643407}.Debug|Any CPU.ActiveCfg = Debug|Any CPU
		{32FE886F-57F7-4545-9DE2-43967B643407}.Debug|Any CPU.Build.0 = Debug|Any CPU
		{32FE886F-57F7-4545-9DE2-43967B643407}.Release|Any CPU.ActiveCfg = Release|Any CPU
		{32FE886F-57F7-4545-9DE2-43967B643407}.Release|Any CPU.Build.0 = Release|Any CPU
		{CB1333E1-F417-48CB-AF3F-CAA5A48F76F3}.Debug|Any CPU.ActiveCfg = Debug|Any CPU
		{CB1333E1-F417-48CB-AF3F-CAA5A48F76F3}.Debug|Any CPU.Build.0 = Debug|Any CPU
		{CB1333E1-F417-48CB-AF3F-CAA5A48F76F3}.Release|Any CPU.ActiveCfg = Release|Any CPU
		{CB1333E1-F417-48CB-AF3F-CAA5A48F76F3}.Release|Any CPU.Build.0 = Release|Any CPU
		{2A7AA040-BA06-4E8C-B758-F6BA4D362B12}.Debug|Any CPU.ActiveCfg = Debug|Any CPU
		{2A7AA040-BA06-4E8C-B758-F6BA4D362B12}.Debug|Any CPU.Build.0 = Debug|Any CPU
		{2A7AA040-BA06-4E8C-B758-F6BA4D362B12}.Release|Any CPU.ActiveCfg = Release|Any CPU
		{2A7AA040-BA06-4E8C-B758-F6BA4D362B12}.Release|Any CPU.Build.0 = Release|Any CPU
		{F0C30283-8E10-4AB9-9C2A-32F830C537C3}.Debug|Any CPU.ActiveCfg = Debug|Any CPU
		{F0C30283-8E10-4AB9-9C2A-32F830C537C3}.Debug|Any CPU.Build.0 = Debug|Any CPU
		{F0C30283-8E10-4AB9-9C2A-32F830C537C3}.Release|Any CPU.ActiveCfg = Release|Any CPU
		{F0C30283-8E10-4AB9-9C2A-32F830C537C3}.Release|Any CPU.Build.0 = Release|Any CPU
		{20880A6A-2FC6-4541-828A-70841497A0DC}.Debug|Any CPU.ActiveCfg = Debug|Any CPU
		{20880A6A-2FC6-4541-828A-70841497A0DC}.Debug|Any CPU.Build.0 = Debug|Any CPU
		{20880A6A-2FC6-4541-828A-70841497A0DC}.Release|Any CPU.ActiveCfg = Release|Any CPU
		{20880A6A-2FC6-4541-828A-70841497A0DC}.Release|Any CPU.Build.0 = Release|Any CPU
		{7C3D01A1-4643-4AF1-8B8C-F80930365379}.Debug|Any CPU.ActiveCfg = Debug|Any CPU
		{7C3D01A1-4643-4AF1-8B8C-F80930365379}.Debug|Any CPU.Build.0 = Debug|Any CPU
		{7C3D01A1-4643-4AF1-8B8C-F80930365379}.Release|Any CPU.ActiveCfg = Release|Any CPU
		{7C3D01A1-4643-4AF1-8B8C-F80930365379}.Release|Any CPU.Build.0 = Release|Any CPU
		{E7351B10-238C-48BD-BDE9-B0169ACBE7FB}.Debug|Any CPU.ActiveCfg = Debug|Any CPU
		{E7351B10-238C-48BD-BDE9-B0169ACBE7FB}.Debug|Any CPU.Build.0 = Debug|Any CPU
		{E7351B10-238C-48BD-BDE9-B0169ACBE7FB}.Release|Any CPU.ActiveCfg = Release|Any CPU
		{E7351B10-238C-48BD-BDE9-B0169ACBE7FB}.Release|Any CPU.Build.0 = Release|Any CPU
		{B9B066FB-0340-4039-AA54-7493FBE58A35}.Debug|Any CPU.ActiveCfg = Debug|Any CPU
		{B9B066FB-0340-4039-AA54-7493FBE58A35}.Debug|Any CPU.Build.0 = Debug|Any CPU
		{B9B066FB-0340-4039-AA54-7493FBE58A35}.Release|Any CPU.ActiveCfg = Release|Any CPU
		{B9B066FB-0340-4039-AA54-7493FBE58A35}.Release|Any CPU.Build.0 = Release|Any CPU
		{94A27458-3541-459B-9B27-E3F713AB48E7}.Debug|Any CPU.ActiveCfg = Debug|Any CPU
		{94A27458-3541-459B-9B27-E3F713AB48E7}.Debug|Any CPU.Build.0 = Debug|Any CPU
		{94A27458-3541-459B-9B27-E3F713AB48E7}.Release|Any CPU.ActiveCfg = Release|Any CPU
		{94A27458-3541-459B-9B27-E3F713AB48E7}.Release|Any CPU.Build.0 = Release|Any CPU
	EndGlobalSection
	GlobalSection(SolutionProperties) = preSolution
		HideSolutionNode = FALSE
	EndGlobalSection
	GlobalSection(NestedProjects) = preSolution
		{0F20026B-7CA8-4A12-ACDA-7FD05487D5F4} = {162A78AC-34D6-41D5-8BD2-F30F322438D3}
		{BCE737CB-7ED3-44D5-B3B9-AFE0599B90B7} = {162A78AC-34D6-41D5-8BD2-F30F322438D3}
		{B5F0BE26-07C4-41BD-8C5F-7CBDE0D3F24C} = {162A78AC-34D6-41D5-8BD2-F30F322438D3}
		{ACAE0255-439B-49DF-8EDF-DA4A2D35634F} = {162A78AC-34D6-41D5-8BD2-F30F322438D3}
		{EFDDA9B9-AFC4-489A-BF7E-941D57454679} = {BCF0B0AD-EB2A-498C-9BCD-D41296C34F13}
		{BCF0B0AD-EB2A-498C-9BCD-D41296C34F13} = {BCE737CB-7ED3-44D5-B3B9-AFE0599B90B7}
		{F7A7CFE2-AFA8-4D7C-8123-7CD1878B36CD} = {BCE737CB-7ED3-44D5-B3B9-AFE0599B90B7}
		{B4E3F89F-F2A6-4075-A9C5-5FC6924B3C0F} = {BCE737CB-7ED3-44D5-B3B9-AFE0599B90B7}
		{6683F762-5965-4016-8E9A-BD83277B2D5D} = {BCE737CB-7ED3-44D5-B3B9-AFE0599B90B7}
		{943E6A68-C9C5-4222-80F7-184AC5AD755B} = {6683F762-5965-4016-8E9A-BD83277B2D5D}
		{4B493D73-0D05-4873-9D67-874690CDC711} = {B4E3F89F-F2A6-4075-A9C5-5FC6924B3C0F}
		{E8EF6516-C0AE-4A8C-AF62-19A25202AEF0} = {F7A7CFE2-AFA8-4D7C-8123-7CD1878B36CD}
		{0A708651-3CF4-4AB1-9C06-F7792FC58FDF} = {BCF0B0AD-EB2A-498C-9BCD-D41296C34F13}
		{6337BBEF-2DB6-44AA-A79F-2D69AD8885D5} = {0A708651-3CF4-4AB1-9C06-F7792FC58FDF}
		{A20B1E5B-E516-4580-8F8D-BB610813B82F} = {0A708651-3CF4-4AB1-9C06-F7792FC58FDF}
		{1ED3C6A8-5E95-40E3-AD4A-ED4DB9F9C5D6} = {0A708651-3CF4-4AB1-9C06-F7792FC58FDF}
		{00A45B9A-9429-4A20-840F-68086893428A} = {0A708651-3CF4-4AB1-9C06-F7792FC58FDF}
		{1A7BCBB6-67F7-4F05-82FE-1EFDFDEF4965} = {F7A7CFE2-AFA8-4D7C-8123-7CD1878B36CD}
		{871E32ED-288D-47E6-BEB7-ECC53FD04DE5} = {F7A7CFE2-AFA8-4D7C-8123-7CD1878B36CD}
		{DE0BA3DB-15DC-4343-9FD4-3085D30A5F92} = {15C0E6E2-299E-4595-AFC0-7ED2E0A3F9C4}
		{8F81EDE3-B7F9-45A9-A068-B4DC752E68C2} = {B5F0BE26-07C4-41BD-8C5F-7CBDE0D3F24C}
		{974FAF58-FAE2-4313-9C3A-247FABCDC3D1} = {B5F0BE26-07C4-41BD-8C5F-7CBDE0D3F24C}
		{A3722CA8-69B7-4192-AAB2-933F3FC4BAF4} = {B5F0BE26-07C4-41BD-8C5F-7CBDE0D3F24C}
		{648D615D-78B4-4C07-B967-A6D2031090C7} = {B5F0BE26-07C4-41BD-8C5F-7CBDE0D3F24C}
		{9BA0A7C1-B1A2-40A4-B564-B48DB94BDE47} = {648D615D-78B4-4C07-B967-A6D2031090C7}
		{D5B6DDBE-A060-4A9F-8C13-98C0208BD9E9} = {A3722CA8-69B7-4192-AAB2-933F3FC4BAF4}
		{CABB3CE4-8F46-4F67-9AD7-88F8350F5BA8} = {8F81EDE3-B7F9-45A9-A068-B4DC752E68C2}
		{32FE886F-57F7-4545-9DE2-43967B643407} = {974FAF58-FAE2-4313-9C3A-247FABCDC3D1}
		{CB1333E1-F417-48CB-AF3F-CAA5A48F76F3} = {974FAF58-FAE2-4313-9C3A-247FABCDC3D1}
		{43D95E8E-3A6C-4701-AAF9-5327535557E4} = {ACAE0255-439B-49DF-8EDF-DA4A2D35634F}
		{ADD9B7D5-114C-48CE-9117-7CF816CC9B5A} = {ACAE0255-439B-49DF-8EDF-DA4A2D35634F}
		{7CA28D06-EC9F-41D6-838D-D31EDD204E3B} = {ACAE0255-439B-49DF-8EDF-DA4A2D35634F}
		{6EBB4798-4556-472D-AC34-409A235B5668} = {ACAE0255-439B-49DF-8EDF-DA4A2D35634F}
		{855A3A09-AA23-46AA-BE63-24A3ABC0B9FA} = {ACAE0255-439B-49DF-8EDF-DA4A2D35634F}
		{2A7AA040-BA06-4E8C-B758-F6BA4D362B12} = {6EBB4798-4556-472D-AC34-409A235B5668}
		{F0C30283-8E10-4AB9-9C2A-32F830C537C3} = {855A3A09-AA23-46AA-BE63-24A3ABC0B9FA}
		{20880A6A-2FC6-4541-828A-70841497A0DC} = {7CA28D06-EC9F-41D6-838D-D31EDD204E3B}
		{7C3D01A1-4643-4AF1-8B8C-F80930365379} = {43D95E8E-3A6C-4701-AAF9-5327535557E4}
		{E7351B10-238C-48BD-BDE9-B0169ACBE7FB} = {ADD9B7D5-114C-48CE-9117-7CF816CC9B5A}
		{B9B066FB-0340-4039-AA54-7493FBE58A35} = {ADD9B7D5-114C-48CE-9117-7CF816CC9B5A}
		{94A27458-3541-459B-9B27-E3F713AB48E7} = {ADD9B7D5-114C-48CE-9117-7CF816CC9B5A}
	EndGlobalSection
	GlobalSection(ExtensibilityGlobals) = postSolution
		SolutionGuid = {F4487F2A-7B42-4A26-B81E-A94716E9D76F}
	EndGlobalSection
EndGlobal
